
Microsoft Visual Studio Solution File, Format Version 12.00
# Visual Studio 15
VisualStudioVersion = 15.0.27428.2027
MinimumVisualStudioVersion = 10.0.40219.1
Project("{FAE04EC0-301F-11D3-BF4B-00C04F79EFBC}") = "FlashCopier", "FlashCopier\FlashCopier.csproj", "{2DAB6ED7-6D5F-42D6-920C-E33AE86CD3C2}"
EndProject
Global
	GlobalSection(SolutionConfigurationPlatforms) = preSolution
		Debug|Any CPU = Debug|Any CPU
		Release|Any CPU = Release|Any CPU
	EndGlobalSection
	GlobalSection(ProjectConfigurationPlatforms) = postSolution
		{2DAB6ED7-6D5F-42D6-920C-E33AE86CD3C2}.Debug|Any CPU.ActiveCfg = Debug|Any CPU
		{2DAB6ED7-6D5F-42D6-920C-E33AE86CD3C2}.Debug|Any CPU.Build.0 = Debug|Any CPU
		{2DAB6ED7-6D5F-42D6-920C-E33AE86CD3C2}.Release|Any CPU.ActiveCfg = Release|Any CPU
		{2DAB6ED7-6D5F-42D6-920C-E33AE86CD3C2}.Release|Any CPU.Build.0 = Release|Any CPU
	EndGlobalSection
	GlobalSection(SolutionProperties) = preSolution
		HideSolutionNode = FALSE
	EndGlobalSection
	GlobalSection(ExtensibilityGlobals) = postSolution
		SolutionGuid = {7058D27A-F7BC-4C06-BCEF-5DBC39AE98BC}
	EndGlobalSection
EndGlobal
